
Microsoft Visual Studio Solution File, Format Version 12.00
# Visual Studio Version 17
VisualStudioVersion = 17.2.32519.379
MinimumVisualStudioVersion = 10.0.40219.1
Project("{FAE04EC0-301F-11D3-BF4B-00C04F79EFBC}") = "Exchange_rate_management_system", "Exchange_rate_management_system\Exchange_rate_management_system.csproj", "{1FEA0074-9C74-4335-A67D-637832990D7A}"
EndProject
Global
	GlobalSection(SolutionConfigurationPlatforms) = preSolution
		Debug|Any CPU = Debug|Any CPU
		Release|Any CPU = Release|Any CPU
	EndGlobalSection
	GlobalSection(ProjectConfigurationPlatforms) = postSolution
		{1FEA0074-9C74-4335-A67D-637832990D7A}.Debug|Any CPU.ActiveCfg = Debug|Any CPU
		{1FEA0074-9C74-4335-A67D-637832990D7A}.Debug|Any CPU.Build.0 = Debug|Any CPU
		{1FEA0074-9C74-4335-A67D-637832990D7A}.Release|Any CPU.ActiveCfg = Release|Any CPU
		{1FEA0074-9C74-4335-A67D-637832990D7A}.Release|Any CPU.Build.0 = Release|Any CPU
	EndGlobalSection
	GlobalSection(SolutionProperties) = preSolution
		HideSolutionNode = FALSE
	EndGlobalSection
	GlobalSection(ExtensibilityGlobals) = postSolution
		SolutionGuid = {243C7A19-8086-4058-AF32-2040C410F8F3}
	EndGlobalSection
EndGlobal
